
Microsoft Visual Studio Solution File, Format Version 12.00
# Visual Studio Version 17
VisualStudioVersion = 17.9.34728.123
MinimumVisualStudioVersion = 10.0.40219.1
Project("{FAE04EC0-301F-11D3-BF4B-00C04F79EFBC}") = "Quiz.WebUI", "Quiz.WebUI\Quiz.WebUI.csproj", "{76FB5BB7-B37C-4354-B9A3-00868B1143CD}"
EndProject
Project("{FAE04EC0-301F-11D3-BF4B-00C04F79EFBC}") = "Quiz.Domain", "Quiz.Domain\Quiz.Domain.csproj", "{DF1B9A8D-01E8-4E4F-8A71-603E1691DBEE}"
EndProject
Project("{FAE04EC0-301F-11D3-BF4B-00C04F79EFBC}") = "Quiz.Application", "Quiz.Application\Quiz.Application.csproj", "{8F8C6C86-6EC1-4445-9539-45041CCF08AA}"
EndProject
Project("{FAE04EC0-301F-11D3-BF4B-00C04F79EFBC}") = "Quiz.Infra.IoC", "Quiz.Infra.IoC\Quiz.Infra.IoC.csproj", "{4729DAAE-08C6-4562-B1E5-1FB4047D2DEC}"
EndProject
Project("{FAE04EC0-301F-11D3-BF4B-00C04F79EFBC}") = "Quiz.Infra.Data", "Quiz.Infra.Data\Quiz.Infra.Data.csproj", "{4D1EEB39-1DA5-4D91-BC2A-C8D766E0721B}"
EndProject
Global
	GlobalSection(SolutionConfigurationPlatforms) = preSolution
		Debug|Any CPU = Debug|Any CPU
		Release|Any CPU = Release|Any CPU
	EndGlobalSection
	GlobalSection(ProjectConfigurationPlatforms) = postSolution
		{76FB5BB7-B37C-4354-B9A3-00868B1143CD}.Debug|Any CPU.ActiveCfg = Debug|Any CPU
		{76FB5BB7-B37C-4354-B9A3-00868B1143CD}.Debug|Any CPU.Build.0 = Debug|Any CPU
		{76FB5BB7-B37C-4354-B9A3-00868B1143CD}.Release|Any CPU.ActiveCfg = Release|Any CPU
		{76FB5BB7-B37C-4354-B9A3-00868B1143CD}.Release|Any CPU.Build.0 = Release|Any CPU
		{DF1B9A8D-01E8-4E4F-8A71-603E1691DBEE}.Debug|Any CPU.ActiveCfg = Debug|Any CPU
		{DF1B9A8D-01E8-4E4F-8A71-603E1691DBEE}.Debug|Any CPU.Build.0 = Debug|Any CPU
		{DF1B9A8D-01E8-4E4F-8A71-603E1691DBEE}.Release|Any CPU.ActiveCfg = Release|Any CPU
		{DF1B9A8D-01E8-4E4F-8A71-603E1691DBEE}.Release|Any CPU.Build.0 = Release|Any CPU
		{8F8C6C86-6EC1-4445-9539-45041CCF08AA}.Debug|Any CPU.ActiveCfg = Debug|Any CPU
		{8F8C6C86-6EC1-4445-9539-45041CCF08AA}.Debug|Any CPU.Build.0 = Debug|Any CPU
		{8F8C6C86-6EC1-4445-9539-45041CCF08AA}.Release|Any CPU.ActiveCfg = Release|Any CPU
		{8F8C6C86-6EC1-4445-9539-45041CCF08AA}.Release|Any CPU.Build.0 = Release|Any CPU
		{4729DAAE-08C6-4562-B1E5-1FB4047D2DEC}.Debug|Any CPU.ActiveCfg = Debug|Any CPU
		{4729DAAE-08C6-4562-B1E5-1FB4047D2DEC}.Debug|Any CPU.Build.0 = Debug|Any CPU
		{4729DAAE-08C6-4562-B1E5-1FB4047D2DEC}.Release|Any CPU.ActiveCfg = Release|Any CPU
		{4729DAAE-08C6-4562-B1E5-1FB4047D2DEC}.Release|Any CPU.Build.0 = Release|Any CPU
		{4D1EEB39-1DA5-4D91-BC2A-C8D766E0721B}.Debug|Any CPU.ActiveCfg = Debug|Any CPU
		{4D1EEB39-1DA5-4D91-BC2A-C8D766E0721B}.Debug|Any CPU.Build.0 = Debug|Any CPU
		{4D1EEB39-1DA5-4D91-BC2A-C8D766E0721B}.Release|Any CPU.ActiveCfg = Release|Any CPU
		{4D1EEB39-1DA5-4D91-BC2A-C8D766E0721B}.Release|Any CPU.Build.0 = Release|Any CPU
	EndGlobalSection
	GlobalSection(SolutionProperties) = preSolution
		HideSolutionNode = FALSE
	EndGlobalSection
	GlobalSection(ExtensibilityGlobals) = postSolution
		SolutionGuid = {84ECBD75-033A-4A52-B02E-8FF63808DB94}
	EndGlobalSection
EndGlobal
